// !$*UTF8*$!
{
	archiveVersion = 1;
	classes = {
	};
	objectVersion = 48;
	objects = {

/* Begin PBXBuildFile section */
		C18988E01E593C41000332E2 /* Design001.swift in Sources */ = {isa = PBXBuildFile; fileRef = C18988DF1E593C41000332E2 /* Design001.swift */; };
		C1A4CC8B1E58C6ED003D1869 /* AppDelegate.swift in Sources */ = {isa = PBXBuildFile; fileRef = C1A4CC8A1E58C6ED003D1869 /* AppDelegate.swift */; };
		C1A4CC8D1E58C6ED003D1869 /* GameScene.sks in Resources */ = {isa = PBXBuildFile; fileRef = C1A4CC8C1E58C6ED003D1869 /* GameScene.sks */; };
		C1A4CC911E58C6ED003D1869 /* GameScene.swift in Sources */ = {isa = PBXBuildFile; fileRef = C1A4CC901E58C6ED003D1869 /* GameScene.swift */; };
		C1A4CC931E58C6ED003D1869 /* ViewController.swift in Sources */ = {isa = PBXBuildFile; fileRef = C1A4CC921E58C6ED003D1869 /* ViewController.swift */; };
		C1A4CC951E58C6ED003D1869 /* Assets.xcassets in Resources */ = {isa = PBXBuildFile; fileRef = C1A4CC941E58C6ED003D1869 /* Assets.xcassets */; };
		C1A4CC981E58C6ED003D1869 /* Main.storyboard in Resources */ = {isa = PBXBuildFile; fileRef = C1A4CC961E58C6ED003D1869 /* Main.storyboard */; };
		C1A4CCA31E58C6ED003D1869 /* AtlasTests.swift in Sources */ = {isa = PBXBuildFile; fileRef = C1A4CCA21E58C6ED003D1869 /* AtlasTests.swift */; };
		C1EDE7E21E58E82000362F54 /* ACEaseUtility.swift in Sources */ = {isa = PBXBuildFile; fileRef = C1EDE7DB1E58E82000362F54 /* ACEaseUtility.swift */; };
		C1EDE7E31E58E82000362F54 /* AngleUtility.swift in Sources */ = {isa = PBXBuildFile; fileRef = C1EDE7DC1E58E82000362F54 /* AngleUtility.swift */; };
		C1EDE7E41E58E82000362F54 /* ColorUtility.swift in Sources */ = {isa = PBXBuildFile; fileRef = C1EDE7DD1E58E82000362F54 /* ColorUtility.swift */; };
		C1EDE7E51E58E82000362F54 /* IntUtility.swift in Sources */ = {isa = PBXBuildFile; fileRef = C1EDE7DE1E58E82000362F54 /* IntUtility.swift */; };
		C1EDE7E61E58E82000362F54 /* RandomUtility.swift in Sources */ = {isa = PBXBuildFile; fileRef = C1EDE7DF1E58E82000362F54 /* RandomUtility.swift */; };
		C1EDE7E71E58E82000362F54 /* SKSpriteNodeUtility.swift in Sources */ = {isa = PBXBuildFile; fileRef = C1EDE7E01E58E82000362F54 /* SKSpriteNodeUtility.swift */; };
		C1EDE7E81E58E82000362F54 /* UserDefaultsUtility.swift in Sources */ = {isa = PBXBuildFile; fileRef = C1EDE7E11E58E82000362F54 /* UserDefaultsUtility.swift */; };
		C1EDE7EC1E58EA1600362F54 /* Coordinate.swift in Sources */ = {isa = PBXBuildFile; fileRef = C1EDE7EB1E58EA1600362F54 /* Coordinate.swift */; };
		C1EDE7F31E58EA6000362F54 /* bright_square.png in Resources */ = {isa = PBXBuildFile; fileRef = C1EDE7EF1E58EA6000362F54 /* bright_square.png */; };
		C1EDE7F41E58EA6000362F54 /* dull_glow.png in Resources */ = {isa = PBXBuildFile; fileRef = C1EDE7F01E58EA6000362F54 /* dull_glow.png */; };
		C1EDE7F51E58EA6000362F54 /* indicator.png in Resources */ = {isa = PBXBuildFile; fileRef = C1EDE7F11E58EA6000362F54 /* indicator.png */; };
		C1EDE7F61E58EA6000362F54 /* square.png in Resources */ = {isa = PBXBuildFile; fileRef = C1EDE7F21E58EA6000362F54 /* square.png */; };
		C1EDE7FE1E58EA7400362F54 /* Crypt.atlas in Resources */ = {isa = PBXBuildFile; fileRef = C1EDE7F91E58EA7400362F54 /* Crypt.atlas */; };
		C1EDE7FF1E58EA7400362F54 /* Crypt.tileset in Resources */ = {isa = PBXBuildFile; fileRef = C1EDE7FA1E58EA7400362F54 /* Crypt.tileset */; };
		C1EDE8001E58EA7400362F54 /* Rust.atlas in Resources */ = {isa = PBXBuildFile; fileRef = C1EDE7FC1E58EA7400362F54 /* Rust.atlas */; };
		C1EDE8011E58EA7400362F54 /* Rust.tileset in Resources */ = {isa = PBXBuildFile; fileRef = C1EDE7FD1E58EA7400362F54 /* Rust.tileset */; };
		C1EDE8061E58F08D00362F54 /* ChangeIndicator.swift in Sources */ = {isa = PBXBuildFile; fileRef = C1EDE8031E58F08D00362F54 /* ChangeIndicator.swift */; };
		C1EDE8071E58F08D00362F54 /* TileMapView.swift in Sources */ = {isa = PBXBuildFile; fileRef = C1EDE8041E58F08D00362F54 /* TileMapView.swift */; };
		C1EDE8081E58F08D00362F54 /* TileView.swift in Sources */ = {isa = PBXBuildFile; fileRef = C1EDE8051E58F08D00362F54 /* TileView.swift */; };
		C1EDE80A1E58F14900362F54 /* TileMap.swift in Sources */ = {isa = PBXBuildFile; fileRef = C1EDE8091E58F14900362F54 /* TileMap.swift */; };
		C1EDE80C1E58F16100362F54 /* Tileset.swift in Sources */ = {isa = PBXBuildFile; fileRef = C1EDE80B1E58F16100362F54 /* Tileset.swift */; };
		C1EDE80E1E58F1A300362F54 /* ChangeQueue.swift in Sources */ = {isa = PBXBuildFile; fileRef = C1EDE80D1E58F1A300362F54 /* ChangeQueue.swift */; };
		C1EDE8101E58F1A800362F54 /* Stack.swift in Sources */ = {isa = PBXBuildFile; fileRef = C1EDE80F1E58F1A800362F54 /* Stack.swift */; };
		C1EDE8121E58F1D100362F54 /* TilesetData.swift in Sources */ = {isa = PBXBuildFile; fileRef = C1EDE8111E58F1D100362F54 /* TilesetData.swift */; };
		C1EDE8141E58F4E400362F54 /* Archive.swift in Sources */ = {isa = PBXBuildFile; fileRef = C1EDE8131E58F4E400362F54 /* Archive.swift */; };
		C1EDE8191E58F4EE00362F54 /* ArchiveIO.swift in Sources */ = {isa = PBXBuildFile; fileRef = C1EDE8161E58F4EE00362F54 /* ArchiveIO.swift */; };
		C1EDE81A1E58F4EE00362F54 /* TileMapIO.swift in Sources */ = {isa = PBXBuildFile; fileRef = C1EDE8171E58F4EE00362F54 /* TileMapIO.swift */; };
		C1EDE81B1E58F4EE00362F54 /* TilesetIO.swift in Sources */ = {isa = PBXBuildFile; fileRef = C1EDE8181E58F4EE00362F54 /* TilesetIO.swift */; };
		C1EDE81D1E58F50200362F54 /* AtomicMap.swift in Sources */ = {isa = PBXBuildFile; fileRef = C1EDE81C1E58F50200362F54 /* AtomicMap.swift */; };
		C1EDE81F1E58F54500362F54 /* FileIO.swift in Sources */ = {isa = PBXBuildFile; fileRef = C1EDE81E1E58F54500362F54 /* FileIO.swift */; };
		C1EDE8211E58FB2800362F54 /* ActorDelegate.swift in Sources */ = {isa = PBXBuildFile; fileRef = C1EDE8201E58FB2800362F54 /* ActorDelegate.swift */; };
		C1EDE8241E58FE0A00362F54 /* Agent.swift in Sources */ = {isa = PBXBuildFile; fileRef = C1EDE8231E58FE0A00362F54 /* Agent.swift */; };
		C1EDE8291E5903C700362F54 /* PlaceTile.swift in Sources */ = {isa = PBXBuildFile; fileRef = C1EDE8281E5903C700362F54 /* PlaceTile.swift */; };
/* End PBXBuildFile section */

/* Begin PBXContainerItemProxy section */
		C1A4CC9F1E58C6ED003D1869 /* PBXContainerItemProxy */ = {
			isa = PBXContainerItemProxy;
			containerPortal = C1A4CC7F1E58C6ED003D1869 /* Project object */;
			proxyType = 1;
			remoteGlobalIDString = C1A4CC861E58C6ED003D1869;
			remoteInfo = Atlas;
		};
/* End PBXContainerItemProxy section */

/* Begin PBXFileReference section */
		C18988DF1E593C41000332E2 /* Design001.swift */ = {isa = PBXFileReference; fileEncoding = 4; lastKnownFileType = sourcecode.swift; name = Design001.swift; path = Source/Agent/Actions/Design001.swift; sourceTree = "<group>"; };
		C1A4CC871E58C6ED003D1869 /* Atlas.app */ = {isa = PBXFileReference; explicitFileType = wrapper.application; includeInIndex = 0; path = Atlas.app; sourceTree = BUILT_PRODUCTS_DIR; };
		C1A4CC8A1E58C6ED003D1869 /* AppDelegate.swift */ = {isa = PBXFileReference; lastKnownFileType = sourcecode.swift; path = AppDelegate.swift; sourceTree = "<group>"; };
		C1A4CC8C1E58C6ED003D1869 /* GameScene.sks */ = {isa = PBXFileReference; lastKnownFileType = file.sks; path = GameScene.sks; sourceTree = "<group>"; };
		C1A4CC901E58C6ED003D1869 /* GameScene.swift */ = {isa = PBXFileReference; lastKnownFileType = sourcecode.swift; path = GameScene.swift; sourceTree = "<group>"; };
		C1A4CC921E58C6ED003D1869 /* ViewController.swift */ = {isa = PBXFileReference; lastKnownFileType = sourcecode.swift; path = ViewController.swift; sourceTree = "<group>"; };
		C1A4CC941E58C6ED003D1869 /* Assets.xcassets */ = {isa = PBXFileReference; lastKnownFileType = folder.assetcatalog; path = Assets.xcassets; sourceTree = "<group>"; };
		C1A4CC971E58C6ED003D1869 /* Base */ = {isa = PBXFileReference; lastKnownFileType = file.storyboard; name = Base; path = Base.lproj/Main.storyboard; sourceTree = "<group>"; };
		C1A4CC991E58C6ED003D1869 /* Info.plist */ = {isa = PBXFileReference; lastKnownFileType = text.plist.xml; path = Info.plist; sourceTree = "<group>"; };
		C1A4CC9E1E58C6ED003D1869 /* AtlasTests.xctest */ = {isa = PBXFileReference; explicitFileType = wrapper.cfbundle; includeInIndex = 0; path = AtlasTests.xctest; sourceTree = BUILT_PRODUCTS_DIR; };
		C1A4CCA21E58C6ED003D1869 /* AtlasTests.swift */ = {isa = PBXFileReference; lastKnownFileType = sourcecode.swift; path = AtlasTests.swift; sourceTree = "<group>"; };
		C1A4CCA41E58C6ED003D1869 /* Info.plist */ = {isa = PBXFileReference; lastKnownFileType = text.plist.xml; path = Info.plist; sourceTree = "<group>"; };
		C1EDE7DB1E58E82000362F54 /* ACEaseUtility.swift */ = {isa = PBXFileReference; fileEncoding = 4; lastKnownFileType = sourcecode.swift; name = ACEaseUtility.swift; path = Source/Utility/ACEaseUtility.swift; sourceTree = "<group>"; };
		C1EDE7DC1E58E82000362F54 /* AngleUtility.swift */ = {isa = PBXFileReference; fileEncoding = 4; lastKnownFileType = sourcecode.swift; name = AngleUtility.swift; path = Source/Utility/AngleUtility.swift; sourceTree = "<group>"; };
		C1EDE7DD1E58E82000362F54 /* ColorUtility.swift */ = {isa = PBXFileReference; fileEncoding = 4; lastKnownFileType = sourcecode.swift; name = ColorUtility.swift; path = Source/Utility/ColorUtility.swift; sourceTree = "<group>"; };
		C1EDE7DE1E58E82000362F54 /* IntUtility.swift */ = {isa = PBXFileReference; fileEncoding = 4; lastKnownFileType = sourcecode.swift; name = IntUtility.swift; path = Source/Utility/IntUtility.swift; sourceTree = "<group>"; };
		C1EDE7DF1E58E82000362F54 /* RandomUtility.swift */ = {isa = PBXFileReference; fileEncoding = 4; lastKnownFileType = sourcecode.swift; name = RandomUtility.swift; path = Source/Utility/RandomUtility.swift; sourceTree = "<group>"; };
		C1EDE7E01E58E82000362F54 /* SKSpriteNodeUtility.swift */ = {isa = PBXFileReference; fileEncoding = 4; lastKnownFileType = sourcecode.swift; name = SKSpriteNodeUtility.swift; path = Source/Utility/SKSpriteNodeUtility.swift; sourceTree = "<group>"; };
		C1EDE7E11E58E82000362F54 /* UserDefaultsUtility.swift */ = {isa = PBXFileReference; fileEncoding = 4; lastKnownFileType = sourcecode.swift; name = UserDefaultsUtility.swift; path = Source/Utility/UserDefaultsUtility.swift; sourceTree = "<group>"; };
		C1EDE7EB1E58EA1600362F54 /* Coordinate.swift */ = {isa = PBXFileReference; fileEncoding = 4; lastKnownFileType = sourcecode.swift; name = Coordinate.swift; path = Source/Models/Coordinate.swift; sourceTree = "<group>"; };
		C1EDE7EF1E58EA6000362F54 /* bright_square.png */ = {isa = PBXFileReference; lastKnownFileType = image.png; path = bright_square.png; sourceTree = "<group>"; };
		C1EDE7F01E58EA6000362F54 /* dull_glow.png */ = {isa = PBXFileReference; lastKnownFileType = image.png; path = dull_glow.png; sourceTree = "<group>"; };
		C1EDE7F11E58EA6000362F54 /* indicator.png */ = {isa = PBXFileReference; lastKnownFileType = image.png; path = indicator.png; sourceTree = "<group>"; };
		C1EDE7F21E58EA6000362F54 /* square.png */ = {isa = PBXFileReference; lastKnownFileType = image.png; path = square.png; sourceTree = "<group>"; };
		C1EDE7F91E58EA7400362F54 /* Crypt.atlas */ = {isa = PBXFileReference; lastKnownFileType = folder.skatlas; path = Crypt.atlas; sourceTree = "<group>"; };
		C1EDE7FA1E58EA7400362F54 /* Crypt.tileset */ = {isa = PBXFileReference; fileEncoding = 4; lastKnownFileType = text; path = Crypt.tileset; sourceTree = "<group>"; };
		C1EDE7FC1E58EA7400362F54 /* Rust.atlas */ = {isa = PBXFileReference; lastKnownFileType = folder.skatlas; path = Rust.atlas; sourceTree = "<group>"; };
		C1EDE7FD1E58EA7400362F54 /* Rust.tileset */ = {isa = PBXFileReference; fileEncoding = 4; lastKnownFileType = text; path = Rust.tileset; sourceTree = "<group>"; };
		C1EDE8031E58F08D00362F54 /* ChangeIndicator.swift */ = {isa = PBXFileReference; fileEncoding = 4; lastKnownFileType = sourcecode.swift; name = ChangeIndicator.swift; path = Source/Views/ChangeIndicator.swift; sourceTree = "<group>"; };
		C1EDE8041E58F08D00362F54 /* TileMapView.swift */ = {isa = PBXFileReference; fileEncoding = 4; lastKnownFileType = sourcecode.swift; name = TileMapView.swift; path = Source/Views/TileMapView.swift; sourceTree = "<group>"; };
		C1EDE8051E58F08D00362F54 /* TileView.swift */ = {isa = PBXFileReference; fileEncoding = 4; lastKnownFileType = sourcecode.swift; name = TileView.swift; path = Source/Views/TileView.swift; sourceTree = "<group>"; };
		C1EDE8091E58F14900362F54 /* TileMap.swift */ = {isa = PBXFileReference; fileEncoding = 4; lastKnownFileType = sourcecode.swift; name = TileMap.swift; path = Source/Models/TileMap.swift; sourceTree = "<group>"; };
		C1EDE80B1E58F16100362F54 /* Tileset.swift */ = {isa = PBXFileReference; fileEncoding = 4; lastKnownFileType = sourcecode.swift; name = Tileset.swift; path = Source/Models/Tileset.swift; sourceTree = "<group>"; };
		C1EDE80D1E58F1A300362F54 /* ChangeQueue.swift */ = {isa = PBXFileReference; fileEncoding = 4; lastKnownFileType = sourcecode.swift; name = ChangeQueue.swift; path = Source/Models/ChangeQueue.swift; sourceTree = "<group>"; };
		C1EDE80F1E58F1A800362F54 /* Stack.swift */ = {isa = PBXFileReference; fileEncoding = 4; lastKnownFileType = sourcecode.swift; name = Stack.swift; path = Source/Models/Stack.swift; sourceTree = "<group>"; };
		C1EDE8111E58F1D100362F54 /* TilesetData.swift */ = {isa = PBXFileReference; fileEncoding = 4; lastKnownFileType = sourcecode.swift; name = TilesetData.swift; path = Source/Models/TilesetData.swift; sourceTree = "<group>"; };
		C1EDE8131E58F4E400362F54 /* Archive.swift */ = {isa = PBXFileReference; fileEncoding = 4; lastKnownFileType = sourcecode.swift; name = Archive.swift; path = Source/Models/Archive.swift; sourceTree = "<group>"; };
		C1EDE8161E58F4EE00362F54 /* ArchiveIO.swift */ = {isa = PBXFileReference; fileEncoding = 4; lastKnownFileType = sourcecode.swift; name = ArchiveIO.swift; path = Source/IO/ArchiveIO.swift; sourceTree = "<group>"; };
		C1EDE8171E58F4EE00362F54 /* TileMapIO.swift */ = {isa = PBXFileReference; fileEncoding = 4; lastKnownFileType = sourcecode.swift; name = TileMapIO.swift; path = Source/IO/TileMapIO.swift; sourceTree = "<group>"; };
		C1EDE8181E58F4EE00362F54 /* TilesetIO.swift */ = {isa = PBXFileReference; fileEncoding = 4; lastKnownFileType = sourcecode.swift; name = TilesetIO.swift; path = Source/IO/TilesetIO.swift; sourceTree = "<group>"; };
		C1EDE81C1E58F50200362F54 /* AtomicMap.swift */ = {isa = PBXFileReference; fileEncoding = 4; lastKnownFileType = sourcecode.swift; name = AtomicMap.swift; path = Source/Models/AtomicMap.swift; sourceTree = "<group>"; };
		C1EDE81E1E58F54500362F54 /* FileIO.swift */ = {isa = PBXFileReference; fileEncoding = 4; lastKnownFileType = sourcecode.swift; name = FileIO.swift; path = Source/IO/FileIO.swift; sourceTree = "<group>"; };
		C1EDE8201E58FB2800362F54 /* ActorDelegate.swift */ = {isa = PBXFileReference; fileEncoding = 4; lastKnownFileType = sourcecode.swift; name = ActorDelegate.swift; path = Source/Models/ActorDelegate.swift; sourceTree = "<group>"; };
		C1EDE8231E58FE0A00362F54 /* Agent.swift */ = {isa = PBXFileReference; fileEncoding = 4; lastKnownFileType = sourcecode.swift; name = Agent.swift; path = Source/Agent/Agent.swift; sourceTree = "<group>"; };
		C1EDE8281E5903C700362F54 /* PlaceTile.swift */ = {isa = PBXFileReference; fileEncoding = 4; lastKnownFileType = sourcecode.swift; name = PlaceTile.swift; path = Source/Agent/Actions/PlaceTile.swift; sourceTree = "<group>"; };
/* End PBXFileReference section */

/* Begin PBXFrameworksBuildPhase section */
		C1A4CC841E58C6ED003D1869 /* Frameworks */ = {
			isa = PBXFrameworksBuildPhase;
			buildActionMask = 2147483647;
			files = (
			);
			runOnlyForDeploymentPostprocessing = 0;
		};
		C1A4CC9B1E58C6ED003D1869 /* Frameworks */ = {
			isa = PBXFrameworksBuildPhase;
			buildActionMask = 2147483647;
			files = (
			);
			runOnlyForDeploymentPostprocessing = 0;
		};
/* End PBXFrameworksBuildPhase section */

/* Begin PBXGroup section */
		C1A4CC7E1E58C6ED003D1869 = {
			isa = PBXGroup;
			children = (
				C1A4CC891E58C6ED003D1869 /* Atlas */,
				C1A4CCA11E58C6ED003D1869 /* AtlasTests */,
				C1A4CC881E58C6ED003D1869 /* Products */,
			);
			sourceTree = "<group>";
			usesTabs = 1;
		};
		C1A4CC881E58C6ED003D1869 /* Products */ = {
			isa = PBXGroup;
			children = (
				C1A4CC871E58C6ED003D1869 /* Atlas.app */,
				C1A4CC9E1E58C6ED003D1869 /* AtlasTests.xctest */,
			);
			name = Products;
			sourceTree = "<group>";
		};
		C1A4CC891E58C6ED003D1869 /* Atlas */ = {
			isa = PBXGroup;
			children = (
				C1EDE8221E58FDF900362F54 /* Agent */,
				C1EDE8151E58F4E700362F54 /* IO */,
				C1EDE8021E58F02800362F54 /* Views */,
				C1EDE7ED1E58EA5500362F54 /* Resources */,
				C1EDE7DA1E58E7FA00362F54 /* Models */,
				C1EDE7CB1E58E76C00362F54 /* Utility */,
				C1A4CC8A1E58C6ED003D1869 /* AppDelegate.swift */,
				C1A4CC8C1E58C6ED003D1869 /* GameScene.sks */,
				C1A4CC901E58C6ED003D1869 /* GameScene.swift */,
				C1A4CC921E58C6ED003D1869 /* ViewController.swift */,
				C1A4CC941E58C6ED003D1869 /* Assets.xcassets */,
				C1A4CC961E58C6ED003D1869 /* Main.storyboard */,
				C1A4CC991E58C6ED003D1869 /* Info.plist */,
			);
			path = Atlas;
			sourceTree = "<group>";
		};
		C1A4CCA11E58C6ED003D1869 /* AtlasTests */ = {
			isa = PBXGroup;
			children = (
				C1A4CCA21E58C6ED003D1869 /* AtlasTests.swift */,
				C1A4CCA41E58C6ED003D1869 /* Info.plist */,
			);
			path = AtlasTests;
			sourceTree = "<group>";
		};
		C1EDE7CB1E58E76C00362F54 /* Utility */ = {
			isa = PBXGroup;
			children = (
				C1EDE7DB1E58E82000362F54 /* ACEaseUtility.swift */,
				C1EDE7DC1E58E82000362F54 /* AngleUtility.swift */,
				C1EDE7DD1E58E82000362F54 /* ColorUtility.swift */,
				C1EDE7DE1E58E82000362F54 /* IntUtility.swift */,
				C1EDE7DF1E58E82000362F54 /* RandomUtility.swift */,
				C1EDE7E01E58E82000362F54 /* SKSpriteNodeUtility.swift */,
				C1EDE7E11E58E82000362F54 /* UserDefaultsUtility.swift */,
			);
			name = Utility;
			sourceTree = "<group>";
		};
		C1EDE7DA1E58E7FA00362F54 /* Models */ = {
			isa = PBXGroup;
			children = (
				C1EDE8201E58FB2800362F54 /* ActorDelegate.swift */,
				C1EDE8131E58F4E400362F54 /* Archive.swift */,
				C1EDE80B1E58F16100362F54 /* Tileset.swift */,
				C1EDE8111E58F1D100362F54 /* TilesetData.swift */,
				C1EDE8091E58F14900362F54 /* TileMap.swift */,
				C1EDE81C1E58F50200362F54 /* AtomicMap.swift */,
				C1EDE7EB1E58EA1600362F54 /* Coordinate.swift */,
				C1EDE80D1E58F1A300362F54 /* ChangeQueue.swift */,
				C1EDE80F1E58F1A800362F54 /* Stack.swift */,
			);
			name = Models;
			sourceTree = "<group>";
		};
		C1EDE7ED1E58EA5500362F54 /* Resources */ = {
			isa = PBXGroup;
			children = (
				C1EDE7F71E58EA7400362F54 /* Tilesets */,
				C1EDE7EE1E58EA6000362F54 /* Common */,
			);
			name = Resources;
			sourceTree = "<group>";
		};
		C1EDE7EE1E58EA6000362F54 /* Common */ = {
			isa = PBXGroup;
			children = (
				C1EDE7EF1E58EA6000362F54 /* bright_square.png */,
				C1EDE7F01E58EA6000362F54 /* dull_glow.png */,
				C1EDE7F11E58EA6000362F54 /* indicator.png */,
				C1EDE7F21E58EA6000362F54 /* square.png */,
			);
			path = Common;
			sourceTree = "<group>";
		};
		C1EDE7F71E58EA7400362F54 /* Tilesets */ = {
			isa = PBXGroup;
			children = (
				C1EDE7F81E58EA7400362F54 /* Crypt */,
				C1EDE7FB1E58EA7400362F54 /* Rust */,
			);
			path = Tilesets;
			sourceTree = "<group>";
		};
		C1EDE7F81E58EA7400362F54 /* Crypt */ = {
			isa = PBXGroup;
			children = (
				C1EDE7F91E58EA7400362F54 /* Crypt.atlas */,
				C1EDE7FA1E58EA7400362F54 /* Crypt.tileset */,
			);
			path = Crypt;
			sourceTree = "<group>";
		};
		C1EDE7FB1E58EA7400362F54 /* Rust */ = {
			isa = PBXGroup;
			children = (
				C1EDE7FC1E58EA7400362F54 /* Rust.atlas */,
				C1EDE7FD1E58EA7400362F54 /* Rust.tileset */,
			);
			path = Rust;
			sourceTree = "<group>";
		};
		C1EDE8021E58F02800362F54 /* Views */ = {
			isa = PBXGroup;
			children = (
				C1EDE8031E58F08D00362F54 /* ChangeIndicator.swift */,
				C1EDE8041E58F08D00362F54 /* TileMapView.swift */,
				C1EDE8051E58F08D00362F54 /* TileView.swift */,
			);
			name = Views;
			sourceTree = "<group>";
		};
		C1EDE8151E58F4E700362F54 /* IO */ = {
			isa = PBXGroup;
			children = (
				C1EDE8161E58F4EE00362F54 /* ArchiveIO.swift */,
				C1EDE8171E58F4EE00362F54 /* TileMapIO.swift */,
				C1EDE8181E58F4EE00362F54 /* TilesetIO.swift */,
				C1EDE81E1E58F54500362F54 /* FileIO.swift */,
			);
			name = IO;
			sourceTree = "<group>";
		};
		C1EDE8221E58FDF900362F54 /* Agent */ = {
			isa = PBXGroup;
			children = (
				C1EDE8231E58FE0A00362F54 /* Agent.swift */,
				C1EDE8251E59038B00362F54 /* Actions */,
			);
			name = Agent;
			sourceTree = "<group>";
		};
		C1EDE8251E59038B00362F54 /* Actions */ = {
			isa = PBXGroup;
			children = (
				C1EDE8281E5903C700362F54 /* PlaceTile.swift */,
				C18988DF1E593C41000332E2 /* Design001.swift */,
			);
			name = Actions;
			sourceTree = "<group>";
		};
/* End PBXGroup section */

/* Begin PBXNativeTarget section */
		C1A4CC861E58C6ED003D1869 /* Atlas */ = {
			isa = PBXNativeTarget;
			buildConfigurationList = C1A4CCA71E58C6ED003D1869 /* Build configuration list for PBXNativeTarget "Atlas" */;
			buildPhases = (
				C1A4CC831E58C6ED003D1869 /* Sources */,
				C1A4CC841E58C6ED003D1869 /* Frameworks */,
				C1A4CC851E58C6ED003D1869 /* Resources */,
			);
			buildRules = (
			);
			dependencies = (
			);
			name = Atlas;
			productName = Atlas;
			productReference = C1A4CC871E58C6ED003D1869 /* Atlas.app */;
			productType = "com.apple.product-type.application";
		};
		C1A4CC9D1E58C6ED003D1869 /* AtlasTests */ = {
			isa = PBXNativeTarget;
			buildConfigurationList = C1A4CCAA1E58C6ED003D1869 /* Build configuration list for PBXNativeTarget "AtlasTests" */;
			buildPhases = (
				C1A4CC9A1E58C6ED003D1869 /* Sources */,
				C1A4CC9B1E58C6ED003D1869 /* Frameworks */,
				C1A4CC9C1E58C6ED003D1869 /* Resources */,
			);
			buildRules = (
			);
			dependencies = (
				C1A4CCA01E58C6ED003D1869 /* PBXTargetDependency */,
			);
			name = AtlasTests;
			productName = AtlasTests;
			productReference = C1A4CC9E1E58C6ED003D1869 /* AtlasTests.xctest */;
			productType = "com.apple.product-type.bundle.unit-test";
		};
/* End PBXNativeTarget section */

/* Begin PBXProject section */
		C1A4CC7F1E58C6ED003D1869 /* Project object */ = {
			isa = PBXProject;
			attributes = {
				LastSwiftUpdateCheck = 0810;
				LastUpgradeCheck = 0820;
				ORGANIZATIONNAME = Overmind;
				TargetAttributes = {
					C1A4CC861E58C6ED003D1869 = {
						CreatedOnToolsVersion = 8.1;
						ProvisioningStyle = Automatic;
					};
					C1A4CC9D1E58C6ED003D1869 = {
						CreatedOnToolsVersion = 8.1;
						ProvisioningStyle = Automatic;
						TestTargetID = C1A4CC861E58C6ED003D1869;
					};
				};
			};
			buildConfigurationList = C1A4CC821E58C6ED003D1869 /* Build configuration list for PBXProject "Atlas" */;
			compatibilityVersion = "Xcode 8.0";
			developmentRegion = English;
			hasScannedForEncodings = 0;
			knownRegions = (
				en,
				Base,
			);
			mainGroup = C1A4CC7E1E58C6ED003D1869;
			productRefGroup = C1A4CC881E58C6ED003D1869 /* Products */;
			projectDirPath = "";
			projectRoot = "";
			targets = (
				C1A4CC861E58C6ED003D1869 /* Atlas */,
				C1A4CC9D1E58C6ED003D1869 /* AtlasTests */,
			);
		};
/* End PBXProject section */

/* Begin PBXResourcesBuildPhase section */
		C1A4CC851E58C6ED003D1869 /* Resources */ = {
			isa = PBXResourcesBuildPhase;
			buildActionMask = 2147483647;
			files = (
				C1EDE7FE1E58EA7400362F54 /* Crypt.atlas in Resources */,
				C1EDE7F31E58EA6000362F54 /* bright_square.png in Resources */,
				C1A4CC8D1E58C6ED003D1869 /* GameScene.sks in Resources */,
				C1EDE7F41E58EA6000362F54 /* dull_glow.png in Resources */,
				C1EDE7F61E58EA6000362F54 /* square.png in Resources */,
				C1EDE8001E58EA7400362F54 /* Rust.atlas in Resources */,
				C1A4CC951E58C6ED003D1869 /* Assets.xcassets in Resources */,
				C1A4CC981E58C6ED003D1869 /* Main.storyboard in Resources */,
				C1EDE7F51E58EA6000362F54 /* indicator.png in Resources */,
				C1EDE7FF1E58EA7400362F54 /* Crypt.tileset in Resources */,
				C1EDE8011E58EA7400362F54 /* Rust.tileset in Resources */,
			);
			runOnlyForDeploymentPostprocessing = 0;
		};
		C1A4CC9C1E58C6ED003D1869 /* Resources */ = {
			isa = PBXResourcesBuildPhase;
			buildActionMask = 2147483647;
			files = (
			);
			runOnlyForDeploymentPostprocessing = 0;
		};
/* End PBXResourcesBuildPhase section */

/* Begin PBXSourcesBuildPhase section */
		C1A4CC831E58C6ED003D1869 /* Sources */ = {
			isa = PBXSourcesBuildPhase;
			buildActionMask = 2147483647;
			files = (
				C1EDE7E31E58E82000362F54 /* AngleUtility.swift in Sources */,
				C1EDE7E71E58E82000362F54 /* SKSpriteNodeUtility.swift in Sources */,
				C1EDE80C1E58F16100362F54 /* Tileset.swift in Sources */,
				C1EDE7E41E58E82000362F54 /* ColorUtility.swift in Sources */,
				C1EDE81F1E58F54500362F54 /* FileIO.swift in Sources */,
				C1EDE8071E58F08D00362F54 /* TileMapView.swift in Sources */,
				C1EDE7E61E58E82000362F54 /* RandomUtility.swift in Sources */,
				C1EDE7E51E58E82000362F54 /* IntUtility.swift in Sources */,
				C1EDE7E81E58E82000362F54 /* UserDefaultsUtility.swift in Sources */,
				C1EDE81B1E58F4EE00362F54 /* TilesetIO.swift in Sources */,
				C1A4CC931E58C6ED003D1869 /* ViewController.swift in Sources */,
				C1EDE8081E58F08D00362F54 /* TileView.swift in Sources */,
				C1EDE8191E58F4EE00362F54 /* ArchiveIO.swift in Sources */,
				C18988E01E593C41000332E2 /* Design001.swift in Sources */,
				C1EDE8141E58F4E400362F54 /* Archive.swift in Sources */,
				C1EDE8101E58F1A800362F54 /* Stack.swift in Sources */,
				C1EDE8121E58F1D100362F54 /* TilesetData.swift in Sources */,
				C1EDE8061E58F08D00362F54 /* ChangeIndicator.swift in Sources */,
				C1EDE80E1E58F1A300362F54 /* ChangeQueue.swift in Sources */,
				C1EDE80A1E58F14900362F54 /* TileMap.swift in Sources */,
				C1A4CC911E58C6ED003D1869 /* GameScene.swift in Sources */,
				C1EDE81A1E58F4EE00362F54 /* TileMapIO.swift in Sources */,
				C1EDE8241E58FE0A00362F54 /* Agent.swift in Sources */,
				C1EDE7E21E58E82000362F54 /* ACEaseUtility.swift in Sources */,
				C1EDE8211E58FB2800362F54 /* ActorDelegate.swift in Sources */,
				C1EDE81D1E58F50200362F54 /* AtomicMap.swift in Sources */,
				C1EDE8291E5903C700362F54 /* PlaceTile.swift in Sources */,
				C1A4CC8B1E58C6ED003D1869 /* AppDelegate.swift in Sources */,
				C1EDE7EC1E58EA1600362F54 /* Coordinate.swift in Sources */,
			);
			runOnlyForDeploymentPostprocessing = 0;
		};
		C1A4CC9A1E58C6ED003D1869 /* Sources */ = {
			isa = PBXSourcesBuildPhase;
			buildActionMask = 2147483647;
			files = (
				C1A4CCA31E58C6ED003D1869 /* AtlasTests.swift in Sources */,
			);
			runOnlyForDeploymentPostprocessing = 0;
		};
/* End PBXSourcesBuildPhase section */

/* Begin PBXTargetDependency section */
		C1A4CCA01E58C6ED003D1869 /* PBXTargetDependency */ = {
			isa = PBXTargetDependency;
			target = C1A4CC861E58C6ED003D1869 /* Atlas */;
			targetProxy = C1A4CC9F1E58C6ED003D1869 /* PBXContainerItemProxy */;
		};
/* End PBXTargetDependency section */

/* Begin PBXVariantGroup section */
		C1A4CC961E58C6ED003D1869 /* Main.storyboard */ = {
			isa = PBXVariantGroup;
			children = (
				C1A4CC971E58C6ED003D1869 /* Base */,
			);
			name = Main.storyboard;
			sourceTree = "<group>";
		};
/* End PBXVariantGroup section */

/* Begin XCBuildConfiguration section */
		C1A4CCA51E58C6ED003D1869 /* Debug */ = {
			isa = XCBuildConfiguration;
			buildSettings = {
				ALWAYS_SEARCH_USER_PATHS = NO;
				CLANG_ANALYZER_NONNULL = YES;
				CLANG_CXX_LANGUAGE_STANDARD = "gnu++0x";
				CLANG_CXX_LIBRARY = "libc++";
				CLANG_ENABLE_MODULES = YES;
				CLANG_ENABLE_OBJC_ARC = YES;
				CLANG_WARN_BOOL_CONVERSION = YES;
				CLANG_WARN_CONSTANT_CONVERSION = YES;
				CLANG_WARN_DIRECT_OBJC_ISA_USAGE = YES_ERROR;
				CLANG_WARN_DOCUMENTATION_COMMENTS = YES;
				CLANG_WARN_EMPTY_BODY = YES;
				CLANG_WARN_ENUM_CONVERSION = YES;
				CLANG_WARN_INFINITE_RECURSION = YES;
				CLANG_WARN_INT_CONVERSION = YES;
				CLANG_WARN_OBJC_ROOT_CLASS = YES_ERROR;
				CLANG_WARN_SUSPICIOUS_MOVE = YES;
				CLANG_WARN_SUSPICIOUS_MOVES = YES;
				CLANG_WARN_UNREACHABLE_CODE = YES;
				CLANG_WARN__DUPLICATE_METHOD_MATCH = YES;
				CODE_SIGN_IDENTITY = "-";
				COPY_PHASE_STRIP = NO;
				DEBUG_INFORMATION_FORMAT = dwarf;
				ENABLE_STRICT_OBJC_MSGSEND = YES;
				ENABLE_TESTABILITY = YES;
				GCC_C_LANGUAGE_STANDARD = gnu99;
				GCC_DYNAMIC_NO_PIC = NO;
				GCC_NO_COMMON_BLOCKS = YES;
				GCC_OPTIMIZATION_LEVEL = 0;
				GCC_PREPROCESSOR_DEFINITIONS = (
					"DEBUG=1",
					"$(inherited)",
				);
				GCC_WARN_64_TO_32_BIT_CONVERSION = YES;
				GCC_WARN_ABOUT_RETURN_TYPE = YES_ERROR;
				GCC_WARN_UNDECLARED_SELECTOR = YES;
				GCC_WARN_UNINITIALIZED_AUTOS = YES_AGGRESSIVE;
				GCC_WARN_UNUSED_FUNCTION = YES;
				GCC_WARN_UNUSED_VARIABLE = YES;
				MACOSX_DEPLOYMENT_TARGET = 10.12;
				MTL_ENABLE_DEBUG_INFO = YES;
				ONLY_ACTIVE_ARCH = YES;
				SDKROOT = macosx;
				SWIFT_ACTIVE_COMPILATION_CONDITIONS = DEBUG;
				SWIFT_OPTIMIZATION_LEVEL = "-Onone";
			};
			name = Debug;
		};
		C1A4CCA61E58C6ED003D1869 /* Release */ = {
			isa = XCBuildConfiguration;
			buildSettings = {
				ALWAYS_SEARCH_USER_PATHS = NO;
				CLANG_ANALYZER_NONNULL = YES;
				CLANG_CXX_LANGUAGE_STANDARD = "gnu++0x";
				CLANG_CXX_LIBRARY = "libc++";
				CLANG_ENABLE_MODULES = YES;
				CLANG_ENABLE_OBJC_ARC = YES;
				CLANG_WARN_BOOL_CONVERSION = YES;
				CLANG_WARN_CONSTANT_CONVERSION = YES;
				CLANG_WARN_DIRECT_OBJC_ISA_USAGE = YES_ERROR;
				CLANG_WARN_DOCUMENTATION_COMMENTS = YES;
				CLANG_WARN_EMPTY_BODY = YES;
				CLANG_WARN_ENUM_CONVERSION = YES;
				CLANG_WARN_INFINITE_RECURSION = YES;
				CLANG_WARN_INT_CONVERSION = YES;
				CLANG_WARN_OBJC_ROOT_CLASS = YES_ERROR;
				CLANG_WARN_SUSPICIOUS_MOVE = YES;
				CLANG_WARN_SUSPICIOUS_MOVES = YES;
				CLANG_WARN_UNREACHABLE_CODE = YES;
				CLANG_WARN__DUPLICATE_METHOD_MATCH = YES;
				CODE_SIGN_IDENTITY = "-";
				COPY_PHASE_STRIP = NO;
				DEBUG_INFORMATION_FORMAT = "dwarf-with-dsym";
				ENABLE_NS_ASSERTIONS = NO;
				ENABLE_STRICT_OBJC_MSGSEND = YES;
				GCC_C_LANGUAGE_STANDARD = gnu99;
				GCC_NO_COMMON_BLOCKS = YES;
				GCC_WARN_64_TO_32_BIT_CONVERSION = YES;
				GCC_WARN_ABOUT_RETURN_TYPE = YES_ERROR;
				GCC_WARN_UNDECLARED_SELECTOR = YES;
				GCC_WARN_UNINITIALIZED_AUTOS = YES_AGGRESSIVE;
				GCC_WARN_UNUSED_FUNCTION = YES;
				GCC_WARN_UNUSED_VARIABLE = YES;
				MACOSX_DEPLOYMENT_TARGET = 10.12;
				MTL_ENABLE_DEBUG_INFO = NO;
				SDKROOT = macosx;
				SWIFT_OPTIMIZATION_LEVEL = "-Owholemodule";
			};
			name = Release;
		};
		C1A4CCA81E58C6ED003D1869 /* Debug */ = {
			isa = XCBuildConfiguration;
			buildSettings = {
				ASSETCATALOG_COMPILER_APPICON_NAME = AppIcon;
				CODE_SIGN_IDENTITY = "Mac Developer";
				COMBINE_HIDPI_IMAGES = YES;
				DEVELOPMENT_TEAM = 9SDP93X292;
				INFOPLIST_FILE = Atlas/Info.plist;
				LD_RUNPATH_SEARCH_PATHS = "$(inherited) @executable_path/../Frameworks";
				PRODUCT_BUNDLE_IDENTIFIER = com.overmind.Atlas;
				PRODUCT_NAME = "$(TARGET_NAME)";
				SWIFT_VERSION = 3.0;
			};
			name = Debug;
		};
		C1A4CCA91E58C6ED003D1869 /* Release */ = {
			isa = XCBuildConfiguration;
			buildSettings = {
				ASSETCATALOG_COMPILER_APPICON_NAME = AppIcon;
				CODE_SIGN_IDENTITY = "Mac Developer";
				COMBINE_HIDPI_IMAGES = YES;
				DEVELOPMENT_TEAM = 9SDP93X292;
				INFOPLIST_FILE = Atlas/Info.plist;
				LD_RUNPATH_SEARCH_PATHS = "$(inherited) @executable_path/../Frameworks";
				PRODUCT_BUNDLE_IDENTIFIER = com.overmind.Atlas;
				PRODUCT_NAME = "$(TARGET_NAME)";
				SWIFT_VERSION = 3.0;
			};
			name = Release;
		};
		C1A4CCAB1E58C6ED003D1869 /* Debug */ = {
			isa = XCBuildConfiguration;
			buildSettings = {
				ALWAYS_EMBED_SWIFT_STANDARD_LIBRARIES = YES;
				BUNDLE_LOADER = "$(TEST_HOST)";
				COMBINE_HIDPI_IMAGES = YES;
				INFOPLIST_FILE = AtlasTests/Info.plist;
				LD_RUNPATH_SEARCH_PATHS = "$(inherited) @executable_path/../Frameworks @loader_path/../Frameworks";
				PRODUCT_BUNDLE_IDENTIFIER = com.overmind.AtlasTests;
				PRODUCT_NAME = "$(TARGET_NAME)";
				SWIFT_VERSION = 3.0;
				TEST_HOST = "$(BUILT_PRODUCTS_DIR)/Atlas.app/Contents/MacOS/Atlas";
			};
			name = Debug;
		};
		C1A4CCAC1E58C6ED003D1869 /* Release */ = {
			isa = XCBuildConfiguration;
			buildSettings = {
				ALWAYS_EMBED_SWIFT_STANDARD_LIBRARIES = YES;
				BUNDLE_LOADER = "$(TEST_HOST)";
				COMBINE_HIDPI_IMAGES = YES;
				INFOPLIST_FILE = AtlasTests/Info.plist;
				LD_RUNPATH_SEARCH_PATHS = "$(inherited) @executable_path/../Frameworks @loader_path/../Frameworks";
				PRODUCT_BUNDLE_IDENTIFIER = com.overmind.AtlasTests;
				PRODUCT_NAME = "$(TARGET_NAME)";
				SWIFT_VERSION = 3.0;
				TEST_HOST = "$(BUILT_PRODUCTS_DIR)/Atlas.app/Contents/MacOS/Atlas";
			};
			name = Release;
		};
/* End XCBuildConfiguration section */

/* Begin XCConfigurationList section */
		C1A4CC821E58C6ED003D1869 /* Build configuration list for PBXProject "Atlas" */ = {
			isa = XCConfigurationList;
			buildConfigurations = (
				C1A4CCA51E58C6ED003D1869 /* Debug */,
				C1A4CCA61E58C6ED003D1869 /* Release */,
			);
			defaultConfigurationIsVisible = 0;
			defaultConfigurationName = Release;
		};
		C1A4CCA71E58C6ED003D1869 /* Build configuration list for PBXNativeTarget "Atlas" */ = {
			isa = XCConfigurationList;
			buildConfigurations = (
				C1A4CCA81E58C6ED003D1869 /* Debug */,
				C1A4CCA91E58C6ED003D1869 /* Release */,
			);
			defaultConfigurationIsVisible = 0;
			defaultConfigurationName = Release;
		};
		C1A4CCAA1E58C6ED003D1869 /* Build configuration list for PBXNativeTarget "AtlasTests" */ = {
			isa = XCConfigurationList;
			buildConfigurations = (
				C1A4CCAB1E58C6ED003D1869 /* Debug */,
				C1A4CCAC1E58C6ED003D1869 /* Release */,
			);
			defaultConfigurationIsVisible = 0;
			defaultConfigurationName = Release;
		};
/* End XCConfigurationList section */
	};
	rootObject = C1A4CC7F1E58C6ED003D1869 /* Project object */;
}
